// !$*UTF8*$!
{
	archiveVersion = 1;
	classes = {
	};
	objectVersion = 55;
	objects = {

/* Begin PBXBuildFile section */
		BF17434E28BC2C1600DD0FC5 /* domain.h in Headers */ = {isa = PBXBuildFile; fileRef = BF17434D28BC2C1600DD0FC5 /* domain.h */; settings = {ATTRIBUTES = (Public, ); }; };
		BF17438F28BC2CF600DD0FC5 /* RxRelay in Frameworks */ = {isa = PBXBuildFile; productRef = BF17438E28BC2CF600DD0FC5 /* RxRelay */; };
		BF17439128BC2CF600DD0FC5 /* RxSwift in Frameworks */ = {isa = PBXBuildFile; productRef = BF17439028BC2CF600DD0FC5 /* RxSwift */; };
		BF17439428BC2D0E00DD0FC5 /* Promises in Frameworks */ = {isa = PBXBuildFile; productRef = BF17439328BC2D0E00DD0FC5 /* Promises */; };
		BF17439728BC2D1D00DD0FC5 /* Swinject in Frameworks */ = {isa = PBXBuildFile; productRef = BF17439628BC2D1D00DD0FC5 /* Swinject */; };
		BF6CE87A28BD706A000A60F6 /* Attractions.swift in Sources */ = {isa = PBXBuildFile; fileRef = BF6CE87928BD706A000A60F6 /* Attractions.swift */; };
		BFA1964F28C2EF37009D2680 /* AttractionRepoProtocol.swift in Sources */ = {isa = PBXBuildFile; fileRef = BFA1964E28C2EF37009D2680 /* AttractionRepoProtocol.swift */; };
/* End PBXBuildFile section */

/* Begin PBXFileReference section */
		BF17434A28BC2C1600DD0FC5 /* domain.framework */ = {isa = PBXFileReference; explicitFileType = wrapper.framework; includeInIndex = 0; path = domain.framework; sourceTree = BUILT_PRODUCTS_DIR; };
		BF17434D28BC2C1600DD0FC5 /* domain.h */ = {isa = PBXFileReference; lastKnownFileType = sourcecode.c.h; path = domain.h; sourceTree = "<group>"; };
		BF6CE87928BD706A000A60F6 /* Attractions.swift */ = {isa = PBXFileReference; lastKnownFileType = sourcecode.swift; path = Attractions.swift; sourceTree = "<group>"; };
		BFA1964E28C2EF37009D2680 /* AttractionRepoProtocol.swift */ = {isa = PBXFileReference; lastKnownFileType = sourcecode.swift; path = AttractionRepoProtocol.swift; sourceTree = SOURCE_ROOT; };
/* End PBXFileReference section */

/* Begin PBXFrameworksBuildPhase section */
		BF17434728BC2C1600DD0FC5 /* Frameworks */ = {
			isa = PBXFrameworksBuildPhase;
			buildActionMask = 2147483647;
			files = (
				BF17439128BC2CF600DD0FC5 /* RxSwift in Frameworks */,
				BF17438F28BC2CF600DD0FC5 /* RxRelay in Frameworks */,
				BF17439428BC2D0E00DD0FC5 /* Promises in Frameworks */,
				BF17439728BC2D1D00DD0FC5 /* Swinject in Frameworks */,
			);
			runOnlyForDeploymentPostprocessing = 0;
		};
/* End PBXFrameworksBuildPhase section */

/* Begin PBXGroup section */
		BF17434028BC2C1600DD0FC5 = {
			isa = PBXGroup;
			children = (
				BF6CE87228BD6D06000A60F6 /* Repositories */,
				BF6CE87128BD6CF6000A60F6 /* Entities */,
				BF6CE87028BD6CEF000A60F6 /* DI */,
				BF17434C28BC2C1600DD0FC5 /* domain */,
				BF17434B28BC2C1600DD0FC5 /* Products */,
			);
			sourceTree = "<group>";
		};
		BF17434B28BC2C1600DD0FC5 /* Products */ = {
			isa = PBXGroup;
			children = (
				BF17434A28BC2C1600DD0FC5 /* domain.framework */,
			);
			name = Products;
			sourceTree = "<group>";
		};
		BF17434C28BC2C1600DD0FC5 /* domain */ = {
			isa = PBXGroup;
			children = (
				BF17434D28BC2C1600DD0FC5 /* domain.h */,
			);
			path = domain;
			sourceTree = "<group>";
		};
		BF6CE87028BD6CEF000A60F6 /* DI */ = {
			isa = PBXGroup;
			children = (
			);
			path = DI;
			sourceTree = "<group>";
		};
		BF6CE87128BD6CF6000A60F6 /* Entities */ = {
			isa = PBXGroup;
			children = (
				BF6CE87928BD706A000A60F6 /* Attractions.swift */,
			);
			path = Entities;
			sourceTree = "<group>";
		};
		BF6CE87228BD6D06000A60F6 /* Repositories */ = {
			isa = PBXGroup;
			children = (
				BFA1964E28C2EF37009D2680 /* AttractionRepoProtocol.swift */,
			);
			path = Repositories;
			sourceTree = "<group>";
		};
/* End PBXGroup section */

/* Begin PBXHeadersBuildPhase section */
		BF17434528BC2C1600DD0FC5 /* Headers */ = {
			isa = PBXHeadersBuildPhase;
			buildActionMask = 2147483647;
			files = (
				BF17434E28BC2C1600DD0FC5 /* domain.h in Headers */,
			);
			runOnlyForDeploymentPostprocessing = 0;
		};
/* End PBXHeadersBuildPhase section */

/* Begin PBXNativeTarget section */
		BF17434928BC2C1600DD0FC5 /* domain */ = {
			isa = PBXNativeTarget;
			buildConfigurationList = BF17435128BC2C1600DD0FC5 /* Build configuration list for PBXNativeTarget "domain" */;
			buildPhases = (
				BF17434528BC2C1600DD0FC5 /* Headers */,
				BF17434628BC2C1600DD0FC5 /* Sources */,
				BF17434728BC2C1600DD0FC5 /* Frameworks */,
				BF17434828BC2C1600DD0FC5 /* Resources */,
			);
			buildRules = (
			);
			dependencies = (
			);
			name = domain;
			packageProductDependencies = (
				BF17438E28BC2CF600DD0FC5 /* RxRelay */,
				BF17439028BC2CF600DD0FC5 /* RxSwift */,
				BF17439328BC2D0E00DD0FC5 /* Promises */,
				BF17439628BC2D1D00DD0FC5 /* Swinject */,
			);
			productName = domain;
			productReference = BF17434A28BC2C1600DD0FC5 /* domain.framework */;
			productType = "com.apple.product-type.framework";
		};
/* End PBXNativeTarget section */

/* Begin PBXProject section */
		BF17434128BC2C1600DD0FC5 /* Project object */ = {
			isa = PBXProject;
			attributes = {
				BuildIndependentTargetsInParallel = 1;
				LastUpgradeCheck = 1340;
				TargetAttributes = {
					BF17434928BC2C1600DD0FC5 = {
						CreatedOnToolsVersion = 13.4;
						LastSwiftMigration = 1340;
					};
				};
			};
			buildConfigurationList = BF17434428BC2C1600DD0FC5 /* Build configuration list for PBXProject "domain" */;
			compatibilityVersion = "Xcode 13.0";
			developmentRegion = en;
			hasScannedForEncodings = 0;
			knownRegions = (
				en,
				Base,
			);
			mainGroup = BF17434028BC2C1600DD0FC5;
			packageReferences = (
				BF17438D28BC2CF600DD0FC5 /* XCRemoteSwiftPackageReference "RxSwift" */,
				BF17439228BC2D0E00DD0FC5 /* XCRemoteSwiftPackageReference "promises" */,
				BF17439528BC2D1D00DD0FC5 /* XCRemoteSwiftPackageReference "Swinject" */,
			);
			productRefGroup = BF17434B28BC2C1600DD0FC5 /* Products */;
			projectDirPath = "";
			projectRoot = "";
			targets = (
				BF17434928BC2C1600DD0FC5 /* domain */,
			);
		};
/* End PBXProject section */

/* Begin PBXResourcesBuildPhase section */
		BF17434828BC2C1600DD0FC5 /* Resources */ = {
			isa = PBXResourcesBuildPhase;
			buildActionMask = 2147483647;
			files = (
			);
			runOnlyForDeploymentPostprocessing = 0;
		};
/* End PBXResourcesBuildPhase section */

/* Begin PBXSourcesBuildPhase section */
		BF17434628BC2C1600DD0FC5 /* Sources */ = {
			isa = PBXSourcesBuildPhase;
			buildActionMask = 2147483647;
			files = (
				BFA1964F28C2EF37009D2680 /* AttractionRepoProtocol.swift in Sources */,
				BF6CE87A28BD706A000A60F6 /* Attractions.swift in Sources */,
			);
			runOnlyForDeploymentPostprocessing = 0;
		};
/* End PBXSourcesBuildPhase section */

/* Begin XCBuildConfiguration section */
		BF17434F28BC2C1600DD0FC5 /* Debug */ = {
			isa = XCBuildConfiguration;
			buildSettings = {
				ALWAYS_SEARCH_USER_PATHS = NO;
				CLANG_ANALYZER_NONNULL = YES;
				CLANG_ANALYZER_NUMBER_OBJECT_CONVERSION = YES_AGGRESSIVE;
				CLANG_CXX_LANGUAGE_STANDARD = "gnu++17";
				CLANG_ENABLE_MODULES = YES;
				CLANG_ENABLE_OBJC_ARC = YES;
				CLANG_ENABLE_OBJC_WEAK = YES;
				CLANG_WARN_BLOCK_CAPTURE_AUTORELEASING = YES;
				CLANG_WARN_BOOL_CONVERSION = YES;
				CLANG_WARN_COMMA = YES;
				CLANG_WARN_CONSTANT_CONVERSION = YES;
				CLANG_WARN_DEPRECATED_OBJC_IMPLEMENTATIONS = YES;
				CLANG_WARN_DIRECT_OBJC_ISA_USAGE = YES_ERROR;
				CLANG_WARN_DOCUMENTATION_COMMENTS = YES;
				CLANG_WARN_EMPTY_BODY = YES;
				CLANG_WARN_ENUM_CONVERSION = YES;
				CLANG_WARN_INFINITE_RECURSION = YES;
				CLANG_WARN_INT_CONVERSION = YES;
				CLANG_WARN_NON_LITERAL_NULL_CONVERSION = YES;
				CLANG_WARN_OBJC_IMPLICIT_RETAIN_SELF = YES;
				CLANG_WARN_OBJC_LITERAL_CONVERSION = YES;
				CLANG_WARN_OBJC_ROOT_CLASS = YES_ERROR;
				CLANG_WARN_QUOTED_INCLUDE_IN_FRAMEWORK_HEADER = YES;
				CLANG_WARN_RANGE_LOOP_ANALYSIS = YES;
				CLANG_WARN_STRICT_PROTOTYPES = YES;
				CLANG_WARN_SUSPICIOUS_MOVE = YES;
				CLANG_WARN_UNGUARDED_AVAILABILITY = YES_AGGRESSIVE;
				CLANG_WARN_UNREACHABLE_CODE = YES;
				CLANG_WARN__DUPLICATE_METHOD_MATCH = YES;
				COPY_PHASE_STRIP = NO;
				CURRENT_PROJECT_VERSION = 1;
				DEBUG_INFORMATION_FORMAT = dwarf;
				ENABLE_STRICT_OBJC_MSGSEND = YES;
				ENABLE_TESTABILITY = YES;
				GCC_C_LANGUAGE_STANDARD = gnu11;
				GCC_DYNAMIC_NO_PIC = NO;
				GCC_NO_COMMON_BLOCKS = YES;
				GCC_OPTIMIZATION_LEVEL = 0;
				GCC_PREPROCESSOR_DEFINITIONS = (
					"DEBUG=1",
					"$(inherited)",
				);
				GCC_WARN_64_TO_32_BIT_CONVERSION = YES;
				GCC_WARN_ABOUT_RETURN_TYPE = YES_ERROR;
				GCC_WARN_UNDECLARED_SELECTOR = YES;
				GCC_WARN_UNINITIALIZED_AUTOS = YES_AGGRESSIVE;
				GCC_WARN_UNUSED_FUNCTION = YES;
				GCC_WARN_UNUSED_VARIABLE = YES;
				IPHONEOS_DEPLOYMENT_TARGET = 13.0;
				MTL_ENABLE_DEBUG_INFO = INCLUDE_SOURCE;
				MTL_FAST_MATH = YES;
				ONLY_ACTIVE_ARCH = YES;
				SDKROOT = iphoneos;
				SWIFT_ACTIVE_COMPILATION_CONDITIONS = DEBUG;
				SWIFT_OPTIMIZATION_LEVEL = "-Onone";
				VERSIONING_SYSTEM = "apple-generic";
				VERSION_INFO_PREFIX = "";
			};
			name = Debug;
		};
		BF17435028BC2C1600DD0FC5 /* Release */ = {
			isa = XCBuildConfiguration;
			buildSettings = {
				ALWAYS_SEARCH_USER_PATHS = NO;
				CLANG_ANALYZER_NONNULL = YES;
				CLANG_ANALYZER_NUMBER_OBJECT_CONVERSION = YES_AGGRESSIVE;
				CLANG_CXX_LANGUAGE_STANDARD = "gnu++17";
				CLANG_ENABLE_MODULES = YES;
				CLANG_ENABLE_OBJC_ARC = YES;
				CLANG_ENABLE_OBJC_WEAK = YES;
				CLANG_WARN_BLOCK_CAPTURE_AUTORELEASING = YES;
				CLANG_WARN_BOOL_CONVERSION = YES;
				CLANG_WARN_COMMA = YES;
				CLANG_WARN_CONSTANT_CONVERSION = YES;
				CLANG_WARN_DEPRECATED_OBJC_IMPLEMENTATIONS = YES;
				CLANG_WARN_DIRECT_OBJC_ISA_USAGE = YES_ERROR;
				CLANG_WARN_DOCUMENTATION_COMMENTS = YES;
				CLANG_WARN_EMPTY_BODY = YES;
				CLANG_WARN_ENUM_CONVERSION = YES;
				CLANG_WARN_INFINITE_RECURSION = YES;
				CLANG_WARN_INT_CONVERSION = YES;
				CLANG_WARN_NON_LITERAL_NULL_CONVERSION = YES;
				CLANG_WARN_OBJC_IMPLICIT_RETAIN_SELF = YES;
				CLANG_WARN_OBJC_LITERAL_CONVERSION = YES;
				CLANG_WARN_OBJC_ROOT_CLASS = YES_ERROR;
				CLANG_WARN_QUOTED_INCLUDE_IN_FRAMEWORK_HEADER = YES;
				CLANG_WARN_RANGE_LOOP_ANALYSIS = YES;
				CLANG_WARN_STRICT_PROTOTYPES = YES;
				CLANG_WARN_SUSPICIOUS_MOVE = YES;
				CLANG_WARN_UNGUARDED_AVAILABILITY = YES_AGGRESSIVE;
				CLANG_WARN_UNREACHABLE_CODE = YES;
				CLANG_WARN__DUPLICATE_METHOD_MATCH = YES;
				COPY_PHASE_STRIP = NO;
				CURRENT_PROJECT_VERSION = 1;
				DEBUG_INFORMATION_FORMAT = "dwarf-with-dsym";
				ENABLE_NS_ASSERTIONS = NO;
				ENABLE_STRICT_OBJC_MSGSEND = YES;
				GCC_C_LANGUAGE_STANDARD = gnu11;
				GCC_NO_COMMON_BLOCKS = YES;
				GCC_WARN_64_TO_32_BIT_CONVERSION = YES;
				GCC_WARN_ABOUT_RETURN_TYPE = YES_ERROR;
				GCC_WARN_UNDECLARED_SELECTOR = YES;
				GCC_WARN_UNINITIALIZED_AUTOS = YES_AGGRESSIVE;
				GCC_WARN_UNUSED_FUNCTION = YES;
				GCC_WARN_UNUSED_VARIABLE = YES;
				IPHONEOS_DEPLOYMENT_TARGET = 13.0;
				MTL_ENABLE_DEBUG_INFO = NO;
				MTL_FAST_MATH = YES;
				SDKROOT = iphoneos;
				SWIFT_COMPILATION_MODE = wholemodule;
				SWIFT_OPTIMIZATION_LEVEL = "-O";
				VALIDATE_PRODUCT = YES;
				VERSIONING_SYSTEM = "apple-generic";
				VERSION_INFO_PREFIX = "";
			};
			name = Release;
		};
		BF17435228BC2C1600DD0FC5 /* Debug */ = {
			isa = XCBuildConfiguration;
			buildSettings = {
				CLANG_ENABLE_MODULES = YES;
				CODE_SIGN_STYLE = Automatic;
				CURRENT_PROJECT_VERSION = 1;
				DEFINES_MODULE = YES;
				DEVELOPMENT_TEAM = 6HY29LK9SJ;
				DYLIB_COMPATIBILITY_VERSION = 1;
				DYLIB_CURRENT_VERSION = 1;
				DYLIB_INSTALL_NAME_BASE = "@rpath";
				GENERATE_INFOPLIST_FILE = YES;
				INFOPLIST_KEY_NSHumanReadableCopyright = "";
				INSTALL_PATH = "$(LOCAL_LIBRARY_DIR)/Frameworks";
				LD_RUNPATH_SEARCH_PATHS = (
					"$(inherited)",
					"@executable_path/Frameworks",
					"@loader_path/Frameworks",
				);
				MARKETING_VERSION = 1.0;
				PRODUCT_BUNDLE_IDENTIFIER = com.nzm.domain;
				PRODUCT_NAME = "$(TARGET_NAME:c99extidentifier)";
				SKIP_INSTALL = YES;
				SUPPORTS_MACCATALYST = NO;
				SWIFT_EMIT_LOC_STRINGS = YES;
				SWIFT_OPTIMIZATION_LEVEL = "-Onone";
				SWIFT_VERSION = 5.0;
				TARGETED_DEVICE_FAMILY = 1;
			};
			name = Debug;
		};
		BF17435328BC2C1600DD0FC5 /* Release */ = {
			isa = XCBuildConfiguration;
			buildSettings = {
				CLANG_ENABLE_MODULES = YES;
				CODE_SIGN_STYLE = Automatic;
				CURRENT_PROJECT_VERSION = 1;
				DEFINES_MODULE = YES;
				DEVELOPMENT_TEAM = 6HY29LK9SJ;
				DYLIB_COMPATIBILITY_VERSION = 1;
				DYLIB_CURRENT_VERSION = 1;
				DYLIB_INSTALL_NAME_BASE = "@rpath";
				GENERATE_INFOPLIST_FILE = YES;
				INFOPLIST_KEY_NSHumanReadableCopyright = "";
				INSTALL_PATH = "$(LOCAL_LIBRARY_DIR)/Frameworks";
				LD_RUNPATH_SEARCH_PATHS = (
					"$(inherited)",
					"@executable_path/Frameworks",
					"@loader_path/Frameworks",
				);
				MARKETING_VERSION = 1.0;
				PRODUCT_BUNDLE_IDENTIFIER = com.nzm.domain;
				PRODUCT_NAME = "$(TARGET_NAME:c99extidentifier)";
				SKIP_INSTALL = YES;
				SUPPORTS_MACCATALYST = NO;
				SWIFT_EMIT_LOC_STRINGS = YES;
				SWIFT_VERSION = 5.0;
				TARGETED_DEVICE_FAMILY = 1;
			};
			name = Release;
		};
/* End XCBuildConfiguration section */

/* Begin XCConfigurationList section */
		BF17434428BC2C1600DD0FC5 /* Build configuration list for PBXProject "domain" */ = {
			isa = XCConfigurationList;
			buildConfigurations = (
				BF17434F28BC2C1600DD0FC5 /* Debug */,
				BF17435028BC2C1600DD0FC5 /* Release */,
			);
			defaultConfigurationIsVisible = 0;
			defaultConfigurationName = Release;
		};
		BF17435128BC2C1600DD0FC5 /* Build configuration list for PBXNativeTarget "domain" */ = {
			isa = XCConfigurationList;
			buildConfigurations = (
				BF17435228BC2C1600DD0FC5 /* Debug */,
				BF17435328BC2C1600DD0FC5 /* Release */,
			);
			defaultConfigurationIsVisible = 0;
			defaultConfigurationName = Release;
		};
/* End XCConfigurationList section */

/* Begin XCRemoteSwiftPackageReference section */
		BF17438D28BC2CF600DD0FC5 /* XCRemoteSwiftPackageReference "RxSwift" */ = {
			isa = XCRemoteSwiftPackageReference;
			repositoryURL = "https://github.com/ReactiveX/RxSwift";
			requirement = {
				kind = exactVersion;
				version = 6.5.0;
			};
		};
		BF17439228BC2D0E00DD0FC5 /* XCRemoteSwiftPackageReference "promises" */ = {
			isa = XCRemoteSwiftPackageReference;
			repositoryURL = "https://github.com/google/promises";
			requirement = {
				kind = exactVersion;
				version = 2.1.1;
			};
		};
		BF17439528BC2D1D00DD0FC5 /* XCRemoteSwiftPackageReference "Swinject" */ = {
			isa = XCRemoteSwiftPackageReference;
			repositoryURL = "https://github.com/Swinject/Swinject.git";
			requirement = {
				kind = exactVersion;
				version = 2.8.2;
			};
		};
/* End XCRemoteSwiftPackageReference section */

/* Begin XCSwiftPackageProductDependency section */
		BF17438E28BC2CF600DD0FC5 /* RxRelay */ = {
			isa = XCSwiftPackageProductDependency;
			package = BF17438D28BC2CF600DD0FC5 /* XCRemoteSwiftPackageReference "RxSwift" */;
			productName = RxRelay;
		};
		BF17439028BC2CF600DD0FC5 /* RxSwift */ = {
			isa = XCSwiftPackageProductDependency;
			package = BF17438D28BC2CF600DD0FC5 /* XCRemoteSwiftPackageReference "RxSwift" */;
			productName = RxSwift;
		};
		BF17439328BC2D0E00DD0FC5 /* Promises */ = {
			isa = XCSwiftPackageProductDependency;
			package = BF17439228BC2D0E00DD0FC5 /* XCRemoteSwiftPackageReference "promises" */;
			productName = Promises;
		};
		BF17439628BC2D1D00DD0FC5 /* Swinject */ = {
			isa = XCSwiftPackageProductDependency;
			package = BF17439528BC2D1D00DD0FC5 /* XCRemoteSwiftPackageReference "Swinject" */;
			productName = Swinject;
		};
/* End XCSwiftPackageProductDependency section */
	};
	rootObject = BF17434128BC2C1600DD0FC5 /* Project object */;
}
